// !$*UTF8*$!
{
	archiveVersion = 1;
	classes = {
	};
	objectVersion = 46;
	objects = {

/* Begin PBXBuildFile section */
		FF2CCFEB1538A1CB00EC1063 /* UIKit.framework in Frameworks */ = {isa = PBXBuildFile; fileRef = FF2CCFEA1538A1CB00EC1063 /* UIKit.framework */; };
		FF2CCFED1538A1CB00EC1063 /* Foundation.framework in Frameworks */ = {isa = PBXBuildFile; fileRef = FF2CCFEC1538A1CB00EC1063 /* Foundation.framework */; };
		FF2CCFEF1538A1CB00EC1063 /* CoreGraphics.framework in Frameworks */ = {isa = PBXBuildFile; fileRef = FF2CCFEE1538A1CB00EC1063 /* CoreGraphics.framework */; };
		FF2CCFF51538A1CB00EC1063 /* InfoPlist.strings in Resources */ = {isa = PBXBuildFile; fileRef = FF2CCFF31538A1CB00EC1063 /* InfoPlist.strings */; };
		FF2CCFF71538A1CB00EC1063 /* main.m in Sources */ = {isa = PBXBuildFile; fileRef = FF2CCFF61538A1CB00EC1063 /* main.m */; };
		FF2CCFFB1538A1CB00EC1063 /* IRSSVAppDelegate.m in Sources */ = {isa = PBXBuildFile; fileRef = FF2CCFFA1538A1CB00EC1063 /* IRSSVAppDelegate.m */; };
		FF2CD0111538A41A00EC1063 /* MainWindow.xib in Resources */ = {isa = PBXBuildFile; fileRef = FF2CD0101538A41A00EC1063 /* MainWindow.xib */; };
		FF2CD0681538AF2900EC1063 /* libIRSlidingSplitViewController.a in Frameworks */ = {isa = PBXBuildFile; fileRef = FF2CD0651538AEFC00EC1063 /* libIRSlidingSplitViewController.a */; };
/* End PBXBuildFile section */

/* Begin PBXContainerItemProxy section */
		FF2CD0481538AE6D00EC1063 /* PBXContainerItemProxy */ = {
			isa = PBXContainerItemProxy;
			containerPortal = FF2CD0321538ADA200EC1063 /* IRSlidingSplitViewController.xcodeproj */;
			proxyType = 1;
			remoteGlobalIDString = FF2CD01F1538AD1E00EC1063;
			remoteInfo = libIRSlidingSplitViewController;
		};
		FF2CD0641538AEFC00EC1063 /* PBXContainerItemProxy */ = {
			isa = PBXContainerItemProxy;
			containerPortal = FF2CD0321538ADA200EC1063 /* IRSlidingSplitViewController.xcodeproj */;
			proxyType = 2;
			remoteGlobalIDString = FF2CD0581538AEDF00EC1063;
			remoteInfo = IRSlidingSplitViewController;
		};
/* End PBXContainerItemProxy section */

/* Begin PBXFileReference section */
		FF2CCFE61538A1CB00EC1063 /* IRSlidingSplitViewControllerTest.app */ = {isa = PBXFileReference; explicitFileType = wrapper.application; includeInIndex = 0; name = IRSlidingSplitViewControllerTest.app; path = IRSlidingSplitViewControllerSample.app; sourceTree = BUILT_PRODUCTS_DIR; };
		FF2CCFEA1538A1CB00EC1063 /* UIKit.framework */ = {isa = PBXFileReference; lastKnownFileType = wrapper.framework; name = UIKit.framework; path = System/Library/Frameworks/UIKit.framework; sourceTree = SDKROOT; };
		FF2CCFEC1538A1CB00EC1063 /* Foundation.framework */ = {isa = PBXFileReference; lastKnownFileType = wrapper.framework; name = Foundation.framework; path = System/Library/Frameworks/Foundation.framework; sourceTree = SDKROOT; };
		FF2CCFEE1538A1CB00EC1063 /* CoreGraphics.framework */ = {isa = PBXFileReference; lastKnownFileType = wrapper.framework; name = CoreGraphics.framework; path = System/Library/Frameworks/CoreGraphics.framework; sourceTree = SDKROOT; };
		FF2CCFF41538A1CB00EC1063 /* en */ = {isa = PBXFileReference; lastKnownFileType = text.plist.strings; name = en; path = en.lproj/InfoPlist.strings; sourceTree = "<group>"; };
		FF2CCFF61538A1CB00EC1063 /* main.m */ = {isa = PBXFileReference; lastKnownFileType = sourcecode.c.objc; path = main.m; sourceTree = "<group>"; };
		FF2CCFF91538A1CB00EC1063 /* IRSSVAppDelegate.h */ = {isa = PBXFileReference; lastKnownFileType = sourcecode.c.h; name = IRSSVAppDelegate.h; path = IRSlidingSplitViewControllerSample/IRSSVAppDelegate.h; sourceTree = "<group>"; };
		FF2CCFFA1538A1CB00EC1063 /* IRSSVAppDelegate.m */ = {isa = PBXFileReference; lastKnownFileType = sourcecode.c.objc; name = IRSSVAppDelegate.m; path = IRSlidingSplitViewControllerSample/IRSSVAppDelegate.m; sourceTree = "<group>"; };
		FF2CD0101538A41A00EC1063 /* MainWindow.xib */ = {isa = PBXFileReference; fileEncoding = 4; lastKnownFileType = file.xib; path = MainWindow.xib; sourceTree = "<group>"; };
		FF2CD0321538ADA200EC1063 /* IRSlidingSplitViewController.xcodeproj */ = {isa = PBXFileReference; lastKnownFileType = "wrapper.pb-project"; path = IRSlidingSplitViewController.xcodeproj; sourceTree = "<group>"; };
		FF2CD0451538AE0000EC1063 /* IRSlidingSplitViewControllerSample-Info.plist */ = {isa = PBXFileReference; lastKnownFileType = text.plist.xml; path = "IRSlidingSplitViewControllerSample-Info.plist"; sourceTree = "<group>"; };
		FF2CD0461538AE0000EC1063 /* IRSlidingSplitViewControllerSample-Prefix.pch */ = {isa = PBXFileReference; lastKnownFileType = sourcecode.c.h; path = "IRSlidingSplitViewControllerSample-Prefix.pch"; sourceTree = "<group>"; };
/* End PBXFileReference section */

/* Begin PBXFrameworksBuildPhase section */
		FF2CCFE31538A1CB00EC1063 /* Frameworks */ = {
			isa = PBXFrameworksBuildPhase;
			buildActionMask = 2147483647;
			files = (
				FF2CD0681538AF2900EC1063 /* libIRSlidingSplitViewController.a in Frameworks */,
				FF2CCFEB1538A1CB00EC1063 /* UIKit.framework in Frameworks */,
				FF2CCFED1538A1CB00EC1063 /* Foundation.framework in Frameworks */,
				FF2CCFEF1538A1CB00EC1063 /* CoreGraphics.framework in Frameworks */,
			);
			runOnlyForDeploymentPostprocessing = 0;
		};
/* End PBXFrameworksBuildPhase section */

/* Begin PBXGroup section */
		FF2CCFDB1538A1CB00EC1063 = {
			isa = PBXGroup;
			children = (
				FF2CCFF91538A1CB00EC1063 /* IRSSVAppDelegate.h */,
				FF2CCFFA1538A1CB00EC1063 /* IRSSVAppDelegate.m */,
				FF2CCFF11538A1CB00EC1063 /* Supporting Files */,
				FF2CCFE91538A1CB00EC1063 /* Frameworks */,
				FF2CCFE71538A1CB00EC1063 /* Products */,
			);
			sourceTree = "<group>";
		};
		FF2CCFE71538A1CB00EC1063 /* Products */ = {
			isa = PBXGroup;
			children = (
				FF2CCFE61538A1CB00EC1063 /* IRSlidingSplitViewControllerTest.app */,
			);
			name = Products;
			sourceTree = "<group>";
		};
		FF2CCFE91538A1CB00EC1063 /* Frameworks */ = {
			isa = PBXGroup;
			children = (
				FF2CD0321538ADA200EC1063 /* IRSlidingSplitViewController.xcodeproj */,
				FF2CCFEA1538A1CB00EC1063 /* UIKit.framework */,
				FF2CCFEC1538A1CB00EC1063 /* Foundation.framework */,
				FF2CCFEE1538A1CB00EC1063 /* CoreGraphics.framework */,
			);
			name = Frameworks;
			sourceTree = "<group>";
		};
		FF2CCFF11538A1CB00EC1063 /* Supporting Files */ = {
			isa = PBXGroup;
			children = (
				FF2CD0451538AE0000EC1063 /* IRSlidingSplitViewControllerSample-Info.plist */,
				FF2CD0461538AE0000EC1063 /* IRSlidingSplitViewControllerSample-Prefix.pch */,
				FF2CCFF31538A1CB00EC1063 /* InfoPlist.strings */,
				FF2CCFF61538A1CB00EC1063 /* main.m */,
				FF2CD0101538A41A00EC1063 /* MainWindow.xib */,
			);
			name = "Supporting Files";
			path = IRSlidingSplitViewControllerSample;
			sourceTree = "<group>";
		};
		FF2CD0331538ADA200EC1063 /* Products */ = {
			isa = PBXGroup;
			children = (
				FF2CD0651538AEFC00EC1063 /* libIRSlidingSplitViewController.a */,
			);
			name = Products;
			sourceTree = "<group>";
		};
/* End PBXGroup section */

/* Begin PBXNativeTarget section */
		FF2CCFE51538A1CB00EC1063 /* IRSlidingSplitViewControllerSample */ = {
			isa = PBXNativeTarget;
			buildConfigurationList = FF2CCFFE1538A1CB00EC1063 /* Build configuration list for PBXNativeTarget "IRSlidingSplitViewControllerSample" */;
			buildPhases = (
				FF2CCFE21538A1CB00EC1063 /* Sources */,
				FF2CCFE31538A1CB00EC1063 /* Frameworks */,
				FF2CCFE41538A1CB00EC1063 /* Resources */,
			);
			buildRules = (
			);
			dependencies = (
				FF2CD0491538AE6D00EC1063 /* PBXTargetDependency */,
			);
			name = IRSlidingSplitViewControllerSample;
			productName = IRSlidingSplitViewControllerTest;
			productReference = FF2CCFE61538A1CB00EC1063 /* IRSlidingSplitViewControllerTest.app */;
			productType = "com.apple.product-type.application";
		};
/* End PBXNativeTarget section */

/* Begin PBXProject section */
		FF2CCFDD1538A1CB00EC1063 /* Project object */ = {
			isa = PBXProject;
			attributes = {
				CLASSPREFIX = IRSSV;
				ORGANIZATIONNAME = "Iridia Productions";
			};
			buildConfigurationList = FF2CCFE01538A1CB00EC1063 /* Build configuration list for PBXProject "IRSlidingSplitViewControllerSample" */;
			compatibilityVersion = "Xcode 3.2";
			developmentRegion = English;
			hasScannedForEncodings = 0;
			knownRegions = (
				en,
			);
			mainGroup = FF2CCFDB1538A1CB00EC1063;
			productRefGroup = FF2CCFE71538A1CB00EC1063 /* Products */;
			projectDirPath = "";
			projectReferences = (
				{
					ProductGroup = FF2CD0331538ADA200EC1063 /* Products */;
					ProjectRef = FF2CD0321538ADA200EC1063 /* IRSlidingSplitViewController.xcodeproj */;
				},
			);
			projectRoot = "";
			targets = (
				FF2CCFE51538A1CB00EC1063 /* IRSlidingSplitViewControllerSample */,
			);
		};
/* End PBXProject section */

/* Begin PBXReferenceProxy section */
		FF2CD0651538AEFC00EC1063 /* libIRSlidingSplitViewController.a */ = {
			isa = PBXReferenceProxy;
			fileType = archive.ar;
			path = libIRSlidingSplitViewController.a;
			remoteRef = FF2CD0641538AEFC00EC1063 /* PBXContainerItemProxy */;
			sourceTree = BUILT_PRODUCTS_DIR;
		};
/* End PBXReferenceProxy section */

/* Begin PBXResourcesBuildPhase section */
		FF2CCFE41538A1CB00EC1063 /* Resources */ = {
			isa = PBXResourcesBuildPhase;
			buildActionMask = 2147483647;
			files = (
				FF2CCFF51538A1CB00EC1063 /* InfoPlist.strings in Resources */,
				FF2CD0111538A41A00EC1063 /* MainWindow.xib in Resources */,
			);
			runOnlyForDeploymentPostprocessing = 0;
		};
/* End PBXResourcesBuildPhase section */

/* Begin PBXSourcesBuildPhase section */
		FF2CCFE21538A1CB00EC1063 /* Sources */ = {
			isa = PBXSourcesBuildPhase;
			buildActionMask = 2147483647;
			files = (
				FF2CCFF71538A1CB00EC1063 /* main.m in Sources */,
				FF2CCFFB1538A1CB00EC1063 /* IRSSVAppDelegate.m in Sources */,
			);
			runOnlyForDeploymentPostprocessing = 0;
		};
/* End PBXSourcesBuildPhase section */

/* Begin PBXTargetDependency section */
		FF2CD0491538AE6D00EC1063 /* PBXTargetDependency */ = {
			isa = PBXTargetDependency;
			name = libIRSlidingSplitViewController;
			targetProxy = FF2CD0481538AE6D00EC1063 /* PBXContainerItemProxy */;
		};
/* End PBXTargetDependency section */

/* Begin PBXVariantGroup section */
		FF2CCFF31538A1CB00EC1063 /* InfoPlist.strings */ = {
			isa = PBXVariantGroup;
			children = (
				FF2CCFF41538A1CB00EC1063 /* en */,
			);
			name = InfoPlist.strings;
			sourceTree = "<group>";
		};
/* End PBXVariantGroup section */

/* Begin XCBuildConfiguration section */
		FF2CCFFC1538A1CB00EC1063 /* Debug */ = {
			isa = XCBuildConfiguration;
			buildSettings = {
				ALWAYS_SEARCH_USER_PATHS = NO;
				ARCHS = "$(ARCHS_STANDARD_32_BIT)";
				CLANG_ENABLE_OBJC_ARC = YES;
				CLANG_WARN__DUPLICATE_METHOD_MATCH = YES;
				"CODE_SIGN_IDENTITY[sdk=iphoneos*]" = "iPhone Developer";
				COPY_PHASE_STRIP = NO;
				GCC_C_LANGUAGE_STANDARD = gnu99;
				GCC_DYNAMIC_NO_PIC = NO;
				GCC_OPTIMIZATION_LEVEL = 0;
				GCC_PREPROCESSOR_DEFINITIONS = (
					"DEBUG=1",
					"$(inherited)",
				);
				GCC_SYMBOLS_PRIVATE_EXTERN = NO;
				GCC_VERSION = com.apple.compilers.llvm.clang.1_0;
				GCC_WARN_ABOUT_RETURN_TYPE = YES;
				GCC_WARN_UNINITIALIZED_AUTOS = YES;
				GCC_WARN_UNUSED_VARIABLE = YES;
				HEADER_SEARCH_PATHS = "$(PROJECT_DIR)/IRSlidingSplitViewController/**";
				IPHONEOS_DEPLOYMENT_TARGET = 5.1;
				OTHER_LDFLAGS = "-all_load";
				SDKROOT = iphoneos;
			};
			name = Debug;
		};
		FF2CCFFD1538A1CB00EC1063 /* Release */ = {
			isa = XCBuildConfiguration;
			buildSettings = {
				ALWAYS_SEARCH_USER_PATHS = NO;
				ARCHS = "$(ARCHS_STANDARD_32_BIT)";
				CLANG_ENABLE_OBJC_ARC = YES;
				CLANG_WARN__DUPLICATE_METHOD_MATCH = YES;
				"CODE_SIGN_IDENTITY[sdk=iphoneos*]" = "iPhone Developer";
				COPY_PHASE_STRIP = YES;
				GCC_C_LANGUAGE_STANDARD = gnu99;
				GCC_VERSION = com.apple.compilers.llvm.clang.1_0;
				GCC_WARN_ABOUT_RETURN_TYPE = YES;
				GCC_WARN_UNINITIALIZED_AUTOS = YES;
				GCC_WARN_UNUSED_VARIABLE = YES;
				HEADER_SEARCH_PATHS = "$(PROJECT_DIR)/IRSlidingSplitViewController/**";
				IPHONEOS_DEPLOYMENT_TARGET = 5.1;
				OTHER_CFLAGS = "-DNS_BLOCK_ASSERTIONS=1";
				OTHER_LDFLAGS = "-all_load";
				SDKROOT = iphoneos;
				VALIDATE_PRODUCT = YES;
			};
			name = Release;
		};
		FF2CCFFF1538A1CB00EC1063 /* Debug */ = {
			isa = XCBuildConfiguration;
			buildSettings = {
				GCC_PRECOMPILE_PREFIX_HEADER = YES;
				GCC_PREFIX_HEADER = "IRSlidingSplitViewControllerSample/IRSlidingSplitViewControllerSample-Prefix.pch";
				INFOPLIST_FILE = "IRSlidingSplitViewControllerSample/IRSlidingSplitViewControllerSample-Info.plist";
				PRODUCT_NAME = "$(TARGET_NAME)";
				WRAPPER_EXTENSION = app;
			};
			name = Debug;
		};
		FF2CD0001538A1CB00EC1063 /* Release */ = {
			isa = XCBuildConfiguration;
			buildSettings = {
				GCC_PRECOMPILE_PREFIX_HEADER = YES;
				GCC_PREFIX_HEADER = "IRSlidingSplitViewControllerSample/IRSlidingSplitViewControllerSample-Prefix.pch";
				INFOPLIST_FILE = "IRSlidingSplitViewControllerSample/IRSlidingSplitViewControllerSample-Info.plist";
				PRODUCT_NAME = "$(TARGET_NAME)";
				WRAPPER_EXTENSION = app;
			};
			name = Release;
		};
/* End XCBuildConfiguration section */

/* Begin XCConfigurationList section */
		FF2CCFE01538A1CB00EC1063 /* Build configuration list for PBXProject "IRSlidingSplitViewControllerSample" */ = {
			isa = XCConfigurationList;
			buildConfigurations = (
				FF2CCFFC1538A1CB00EC1063 /* Debug */,
				FF2CCFFD1538A1CB00EC1063 /* Release */,
			);
			defaultConfigurationIsVisible = 0;
			defaultConfigurationName = Release;
		};
		FF2CCFFE1538A1CB00EC1063 /* Build configuration list for PBXNativeTarget "IRSlidingSplitViewControllerSample" */ = {
			isa = XCConfigurationList;
			buildConfigurations = (
				FF2CCFFF1538A1CB00EC1063 /* Debug */,
				FF2CD0001538A1CB00EC1063 /* Release */,
			);
			defaultConfigurationIsVisible = 0;
			defaultConfigurationName = Release;
		};
/* End XCConfigurationList section */
	};
	rootObject = FF2CCFDD1538A1CB00EC1063 /* Project object */;
}
